
Microsoft Visual Studio Solution File, Format Version 12.00
# Visual Studio Version 16
VisualStudioVersion = 16.0.30523.141
MinimumVisualStudioVersion = 10.0.40219.1
Project("{FAE04EC0-301F-11D3-BF4B-00C04F79EFBC}") = "Ex4. Review OOP", "Ex4. Review OOP\Ex4. Review OOP.csproj", "{88F35202-118B-44F1-A552-7113873CEA9E}"
EndProject
Project("{FAE04EC0-301F-11D3-BF4B-00C04F79EFBC}") = "Ex5. Interface", "Ex5. Interface\Ex5. Interface.csproj", "{9F020B31-41E0-42F0-820F-D70BF3C85460}"
EndProject
Project("{FAE04EC0-301F-11D3-BF4B-00C04F79EFBC}") = "Ex6. Generics", "Ex6. Generics\Ex6. Generics.csproj", "{EC434D71-BF81-402F-A5F4-0F976DEC3F9F}"
EndProject
Global
	GlobalSection(SolutionConfigurationPlatforms) = preSolution
		Debug|Any CPU = Debug|Any CPU
		Release|Any CPU = Release|Any CPU
	EndGlobalSection
	GlobalSection(ProjectConfigurationPlatforms) = postSolution
		{88F35202-118B-44F1-A552-7113873CEA9E}.Debug|Any CPU.ActiveCfg = Debug|Any CPU
		{88F35202-118B-44F1-A552-7113873CEA9E}.Debug|Any CPU.Build.0 = Debug|Any CPU
		{88F35202-118B-44F1-A552-7113873CEA9E}.Release|Any CPU.ActiveCfg = Release|Any CPU
		{88F35202-118B-44F1-A552-7113873CEA9E}.Release|Any CPU.Build.0 = Release|Any CPU
		{9F020B31-41E0-42F0-820F-D70BF3C85460}.Debug|Any CPU.ActiveCfg = Debug|Any CPU
		{9F020B31-41E0-42F0-820F-D70BF3C85460}.Debug|Any CPU.Build.0 = Debug|Any CPU
		{9F020B31-41E0-42F0-820F-D70BF3C85460}.Release|Any CPU.ActiveCfg = Release|Any CPU
		{9F020B31-41E0-42F0-820F-D70BF3C85460}.Release|Any CPU.Build.0 = Release|Any CPU
		{EC434D71-BF81-402F-A5F4-0F976DEC3F9F}.Debug|Any CPU.ActiveCfg = Debug|Any CPU
		{EC434D71-BF81-402F-A5F4-0F976DEC3F9F}.Debug|Any CPU.Build.0 = Debug|Any CPU
		{EC434D71-BF81-402F-A5F4-0F976DEC3F9F}.Release|Any CPU.ActiveCfg = Release|Any CPU
		{EC434D71-BF81-402F-A5F4-0F976DEC3F9F}.Release|Any CPU.Build.0 = Release|Any CPU
	EndGlobalSection
	GlobalSection(SolutionProperties) = preSolution
		HideSolutionNode = FALSE
	EndGlobalSection
	GlobalSection(ExtensibilityGlobals) = postSolution
		SolutionGuid = {18C7D89E-2662-4B83-922E-BACF2C19626D}
	EndGlobalSection
EndGlobal
